
Microsoft Visual Studio Solution File, Format Version 12.00
Project("{FAE04EC0-301F-11D3-BF4B-00C04F79EFBC}") = "NewCarShowRoomWeb.Api", "NewCarShowRoomWeb.Api\NewCarShowRoomWeb.Api.csproj", "{5222A6AB-00F4-41FF-8B09-C51E1650F1E5}"
EndProject
Project("{FAE04EC0-301F-11D3-BF4B-00C04F79EFBC}") = "InfrasructureLayer", "InfrasructureLayer\InfrasructureLayer.csproj", "{FB8EF625-F9AD-4AFA-BCC4-D50BFB8FD7E6}"
EndProject
Project("{FAE04EC0-301F-11D3-BF4B-00C04F79EFBC}") = "ApplicationLayer", "ApplicationLayer\ApplicationLayer.csproj", "{7F1C4EDD-C7A1-46DD-B30B-7F08028BD34A}"
EndProject
Project("{FAE04EC0-301F-11D3-BF4B-00C04F79EFBC}") = "CoreLayer", "CoreLayer\CoreLayer.csproj", "{C74D5EBF-E242-44AD-916B-34224AC4FC5C}"
EndProject
Global
	GlobalSection(SolutionConfigurationPlatforms) = preSolution
		Debug|Any CPU = Debug|Any CPU
		Release|Any CPU = Release|Any CPU
	EndGlobalSection
	GlobalSection(ProjectConfigurationPlatforms) = postSolution
		{5222A6AB-00F4-41FF-8B09-C51E1650F1E5}.Debug|Any CPU.ActiveCfg = Debug|Any CPU
		{5222A6AB-00F4-41FF-8B09-C51E1650F1E5}.Debug|Any CPU.Build.0 = Debug|Any CPU
		{5222A6AB-00F4-41FF-8B09-C51E1650F1E5}.Release|Any CPU.ActiveCfg = Release|Any CPU
		{5222A6AB-00F4-41FF-8B09-C51E1650F1E5}.Release|Any CPU.Build.0 = Release|Any CPU
		{FB8EF625-F9AD-4AFA-BCC4-D50BFB8FD7E6}.Debug|Any CPU.ActiveCfg = Debug|Any CPU
		{FB8EF625-F9AD-4AFA-BCC4-D50BFB8FD7E6}.Debug|Any CPU.Build.0 = Debug|Any CPU
		{FB8EF625-F9AD-4AFA-BCC4-D50BFB8FD7E6}.Release|Any CPU.ActiveCfg = Release|Any CPU
		{FB8EF625-F9AD-4AFA-BCC4-D50BFB8FD7E6}.Release|Any CPU.Build.0 = Release|Any CPU
		{7F1C4EDD-C7A1-46DD-B30B-7F08028BD34A}.Debug|Any CPU.ActiveCfg = Debug|Any CPU
		{7F1C4EDD-C7A1-46DD-B30B-7F08028BD34A}.Debug|Any CPU.Build.0 = Debug|Any CPU
		{7F1C4EDD-C7A1-46DD-B30B-7F08028BD34A}.Release|Any CPU.ActiveCfg = Release|Any CPU
		{7F1C4EDD-C7A1-46DD-B30B-7F08028BD34A}.Release|Any CPU.Build.0 = Release|Any CPU
		{C74D5EBF-E242-44AD-916B-34224AC4FC5C}.Debug|Any CPU.ActiveCfg = Debug|Any CPU
		{C74D5EBF-E242-44AD-916B-34224AC4FC5C}.Debug|Any CPU.Build.0 = Debug|Any CPU
		{C74D5EBF-E242-44AD-916B-34224AC4FC5C}.Release|Any CPU.ActiveCfg = Release|Any CPU
		{C74D5EBF-E242-44AD-916B-34224AC4FC5C}.Release|Any CPU.Build.0 = Release|Any CPU
	EndGlobalSection
EndGlobal
